
Microsoft Visual Studio Solution File, Format Version 12.00
# Visual Studio Version 17
VisualStudioVersion = 17.3.32929.385
MinimumVisualStudioVersion = 10.0.40219.1
Project("{9A19103F-16F7-4668-BE54-9A1E7A4F7556}") = "UniversityCompetition", "UniversityCompetition.csproj", "{DECD3736-4DF4-4A68-90EC-477A5F1EB674}"
EndProject
Global
	GlobalSection(SolutionConfigurationPlatforms) = preSolution
		Debug|Any CPU = Debug|Any CPU
		Release|Any CPU = Release|Any CPU
	EndGlobalSection
	GlobalSection(ProjectConfigurationPlatforms) = postSolution
		{DECD3736-4DF4-4A68-90EC-477A5F1EB674}.Debug|Any CPU.ActiveCfg = Debug|Any CPU
		{DECD3736-4DF4-4A68-90EC-477A5F1EB674}.Debug|Any CPU.Build.0 = Debug|Any CPU
		{DECD3736-4DF4-4A68-90EC-477A5F1EB674}.Release|Any CPU.ActiveCfg = Release|Any CPU
		{DECD3736-4DF4-4A68-90EC-477A5F1EB674}.Release|Any CPU.Build.0 = Release|Any CPU
	EndGlobalSection
	GlobalSection(SolutionProperties) = preSolution
		HideSolutionNode = FALSE
	EndGlobalSection
	GlobalSection(ExtensibilityGlobals) = postSolution
		SolutionGuid = {0DB842C4-D6D6-46F1-816D-9F3AE28FBE32}
	EndGlobalSection
EndGlobal
